
Microsoft Visual Studio Solution File, Format Version 12.00
# Visual Studio Version 17
VisualStudioVersion = 17.2.32630.192
MinimumVisualStudioVersion = 10.0.40219.1
Project("{FAE04EC0-301F-11D3-BF4B-00C04F79EFBC}") = "AniBoxAPI", "AniBoxAPI\AniBoxAPI.csproj", "{6B03F09C-4826-4847-8752-575F78BA783C}"
EndProject
Global
	GlobalSection(SolutionConfigurationPlatforms) = preSolution
		Debug|Any CPU = Debug|Any CPU
		Release|Any CPU = Release|Any CPU
	EndGlobalSection
	GlobalSection(ProjectConfigurationPlatforms) = postSolution
		{6B03F09C-4826-4847-8752-575F78BA783C}.Debug|Any CPU.ActiveCfg = Debug|Any CPU
		{6B03F09C-4826-4847-8752-575F78BA783C}.Debug|Any CPU.Build.0 = Debug|Any CPU
		{6B03F09C-4826-4847-8752-575F78BA783C}.Release|Any CPU.ActiveCfg = Release|Any CPU
		{6B03F09C-4826-4847-8752-575F78BA783C}.Release|Any CPU.Build.0 = Release|Any CPU
	EndGlobalSection
	GlobalSection(SolutionProperties) = preSolution
		HideSolutionNode = FALSE
	EndGlobalSection
	GlobalSection(ExtensibilityGlobals) = postSolution
		SolutionGuid = {9F54373C-3FD3-4CE2-A70F-7613D752F8A8}
	EndGlobalSection
EndGlobal
